// !$*UTF8*$!
{
	archiveVersion = 1;
	classes = {
	};
	objectVersion = 77;
	objects = {

/* Begin PBXBuildFile section */
		39C2AD8D225316E78DEE3119 /* AppModel.swift in Sources */ = {isa = PBXBuildFile; fileRef = A6A5C96C916EACF87A903786 /* AppModel.swift */; };
		62159003BE16308C89F4F281 /* SpankkiSandboxApp.swift in Sources */ = {isa = PBXBuildFile; fileRef = 9FF83788A4A0AD0E3554AA50 /* SpankkiSandboxApp.swift */; };
		6D93979CAD9E901C2574A6BC /* ContentView.swift in Sources */ = {isa = PBXBuildFile; fileRef = FBEC3C886E38862887BB4DED /* ContentView.swift */; };
		ABF6F3859AB0DCAC31409517 /* AuthWebView.swift in Sources */ = {isa = PBXBuildFile; fileRef = 0BAFF30CEE454C6FD184A1B5 /* AuthWebView.swift */; };
		D6AA6D026C3AAD49CFCFE509 /* Models.swift in Sources */ = {isa = PBXBuildFile; fileRef = 4CE7BEBC9686A41C04596132 /* Models.swift */; };
		DF5230C58A57E0D3A103211F /* ServerClient.swift in Sources */ = {isa = PBXBuildFile; fileRef = 5B621DAA362482021D70EE01 /* ServerClient.swift */; };
/* End PBXBuildFile section */

/* Begin PBXFileReference section */
		0BAFF30CEE454C6FD184A1B5 /* AuthWebView.swift */ = {isa = PBXFileReference; lastKnownFileType = sourcecode.swift; path = AuthWebView.swift; sourceTree = "<group>"; };
		4CE7BEBC9686A41C04596132 /* Models.swift */ = {isa = PBXFileReference; lastKnownFileType = sourcecode.swift; path = Models.swift; sourceTree = "<group>"; };
		5B621DAA362482021D70EE01 /* ServerClient.swift */ = {isa = PBXFileReference; lastKnownFileType = sourcecode.swift; path = ServerClient.swift; sourceTree = "<group>"; };
		73F1755A1593CBC841DE5455 /* SpankkiSandbox.app */ = {isa = PBXFileReference; includeInIndex = 0; lastKnownFileType = wrapper.application; path = SpankkiSandbox.app; sourceTree = BUILT_PRODUCTS_DIR; };
		9030976A8611B1262D8ACE05 /* Info.plist */ = {isa = PBXFileReference; lastKnownFileType = text.plist; path = Info.plist; sourceTree = "<group>"; };
		9FF83788A4A0AD0E3554AA50 /* SpankkiSandboxApp.swift */ = {isa = PBXFileReference; lastKnownFileType = sourcecode.swift; path = SpankkiSandboxApp.swift; sourceTree = "<group>"; };
		A6A5C96C916EACF87A903786 /* AppModel.swift */ = {isa = PBXFileReference; lastKnownFileType = sourcecode.swift; path = AppModel.swift; sourceTree = "<group>"; };
		FBEC3C886E38862887BB4DED /* ContentView.swift */ = {isa = PBXFileReference; lastKnownFileType = sourcecode.swift; path = ContentView.swift; sourceTree = "<group>"; };
/* End PBXFileReference section */

/* Begin PBXGroup section */
		859ABAF0C143F79DFABFF053 /* Products */ = {
			isa = PBXGroup;
			children = (
				73F1755A1593CBC841DE5455 /* SpankkiSandbox.app */,
			);
			name = Products;
			sourceTree = "<group>";
		};
		C4C9C300FC01D377319A869B = {
			isa = PBXGroup;
			children = (
				F012A9D9B6996C2AC1DB6600 /* SpankkiSandbox */,
				859ABAF0C143F79DFABFF053 /* Products */,
			);
			sourceTree = "<group>";
		};
		F012A9D9B6996C2AC1DB6600 /* SpankkiSandbox */ = {
			isa = PBXGroup;
			children = (
				A6A5C96C916EACF87A903786 /* AppModel.swift */,
				0BAFF30CEE454C6FD184A1B5 /* AuthWebView.swift */,
				FBEC3C886E38862887BB4DED /* ContentView.swift */,
				9030976A8611B1262D8ACE05 /* Info.plist */,
				4CE7BEBC9686A41C04596132 /* Models.swift */,
				5B621DAA362482021D70EE01 /* ServerClient.swift */,
				9FF83788A4A0AD0E3554AA50 /* SpankkiSandboxApp.swift */,
			);
			path = SpankkiSandbox;
			sourceTree = "<group>";
		};
/* End PBXGroup section */

/* Begin PBXNativeTarget section */
		A717858FEF70ACE069AC2245 /* SpankkiSandbox */ = {
			isa = PBXNativeTarget;
			buildConfigurationList = 00313A61F7709CA69887DB10 /* Build configuration list for PBXNativeTarget "SpankkiSandbox" */;
			buildPhases = (
				8E5C4F5CAE114D66AB4384F4 /* Sources */,
			);
			buildRules = (
			);
			dependencies = (
			);
			name = SpankkiSandbox;
			packageProductDependencies = (
			);
			productName = SpankkiSandbox;
			productReference = 73F1755A1593CBC841DE5455 /* SpankkiSandbox.app */;
			productType = "com.apple.product-type.application";
		};
/* End PBXNativeTarget section */

/* Begin PBXProject section */
		19E8277584B2225A1FA0CFA5 /* Project object */ = {
			isa = PBXProject;
			attributes = {
				BuildIndependentTargetsInParallel = YES;
				LastUpgradeCheck = 1430;
				TargetAttributes = {
					A717858FEF70ACE069AC2245 = {
						DevelopmentTeam = DRM6RX29P7;
						ProvisioningStyle = Automatic;
					};
				};
			};
			buildConfigurationList = EDECA5325DB949AF18D91793 /* Build configuration list for PBXProject "SpankkiSandbox" */;
			developmentRegion = en;
			hasScannedForEncodings = 0;
			knownRegions = (
				Base,
				en,
			);
			mainGroup = C4C9C300FC01D377319A869B;
			minimizedProjectReferenceProxies = 1;
			preferredProjectObjectVersion = 77;
			productRefGroup = 859ABAF0C143F79DFABFF053 /* Products */;
			projectDirPath = "";
			projectRoot = "";
			targets = (
				A717858FEF70ACE069AC2245 /* SpankkiSandbox */,
			);
		};
/* End PBXProject section */

/* Begin PBXSourcesBuildPhase section */
		8E5C4F5CAE114D66AB4384F4 /* Sources */ = {
			isa = PBXSourcesBuildPhase;
			buildActionMask = 2147483647;
			files = (
				39C2AD8D225316E78DEE3119 /* AppModel.swift in Sources */,
				ABF6F3859AB0DCAC31409517 /* AuthWebView.swift in Sources */,
				6D93979CAD9E901C2574A6BC /* ContentView.swift in Sources */,
				D6AA6D026C3AAD49CFCFE509 /* Models.swift in Sources */,
				DF5230C58A57E0D3A103211F /* ServerClient.swift in Sources */,
				62159003BE16308C89F4F281 /* SpankkiSandboxApp.swift in Sources */,
			);
			runOnlyForDeploymentPostprocessing = 0;
		};
/* End PBXSourcesBuildPhase section */

/* Begin XCBuildConfiguration section */
		2AAC003B438C023A403A9DE5 /* Debug */ = {
			isa = XCBuildConfiguration;
			buildSettings = {
				ASSETCATALOG_COMPILER_APPICON_NAME = AppIcon;
				CODE_SIGN_IDENTITY = "iPhone Developer";
				INFOPLIST_FILE = SpankkiSandbox/Info.plist;
				LD_RUNPATH_SEARCH_PATHS = (
					"$(inherited)",
					"@executable_path/Frameworks",
				);
				PRODUCT_BUNDLE_IDENTIFIER = fi.triona.spankkisandbox;
				SDKROOT = iphoneos;
				TARGETED_DEVICE_FAMILY = 1;
			};
			name = Debug;
		};
		437CAB9A5EFE876C62CE0FFA /* Debug */ = {
			isa = XCBuildConfiguration;
			buildSettings = {
				ALWAYS_SEARCH_USER_PATHS = NO;
				CLANG_ANALYZER_NONNULL = YES;
				CLANG_ANALYZER_NUMBER_OBJECT_CONVERSION = YES_AGGRESSIVE;
				CLANG_CXX_LANGUAGE_STANDARD = "gnu++14";
				CLANG_CXX_LIBRARY = "libc++";
				CLANG_ENABLE_MODULES = YES;
				CLANG_ENABLE_OBJC_ARC = YES;
				CLANG_ENABLE_OBJC_WEAK = YES;
				CLANG_WARN_BLOCK_CAPTURE_AUTORELEASING = YES;
				CLANG_WARN_BOOL_CONVERSION = YES;
				CLANG_WARN_COMMA = YES;
				CLANG_WARN_CONSTANT_CONVERSION = YES;
				CLANG_WARN_DEPRECATED_OBJC_IMPLEMENTATIONS = YES;
				CLANG_WARN_DIRECT_OBJC_ISA_USAGE = YES_ERROR;
				CLANG_WARN_DOCUMENTATION_COMMENTS = YES;
				CLANG_WARN_EMPTY_BODY = YES;
				CLANG_WARN_ENUM_CONVERSION = YES;
				CLANG_WARN_INFINITE_RECURSION = YES;
				CLANG_WARN_INT_CONVERSION = YES;
				CLANG_WARN_NON_LITERAL_NULL_CONVERSION = YES;
				CLANG_WARN_OBJC_IMPLICIT_RETAIN_SELF = YES;
				CLANG_WARN_OBJC_LITERAL_CONVERSION = YES;
				CLANG_WARN_OBJC_ROOT_CLASS = YES_ERROR;
				CLANG_WARN_QUOTED_INCLUDE_IN_FRAMEWORK_HEADER = YES;
				CLANG_WARN_RANGE_LOOP_ANALYSIS = YES;
				CLANG_WARN_STRICT_PROTOTYPES = YES;
				CLANG_WARN_SUSPICIOUS_MOVE = YES;
				CLANG_WARN_UNGUARDED_AVAILABILITY = YES_AGGRESSIVE;
				CLANG_WARN_UNREACHABLE_CODE = YES;
				CLANG_WARN__DUPLICATE_METHOD_MATCH = YES;
				CODE_SIGN_STYLE = Automatic;
				COPY_PHASE_STRIP = NO;
				CURRENT_PROJECT_VERSION = 1;
				DEBUG_INFORMATION_FORMAT = dwarf;
				DEVELOPMENT_TEAM = DRM6RX29P7;
				ENABLE_STRICT_OBJC_MSGSEND = YES;
				ENABLE_TESTABILITY = YES;
				GCC_C_LANGUAGE_STANDARD = gnu11;
				GCC_DYNAMIC_NO_PIC = NO;
				GCC_NO_COMMON_BLOCKS = YES;
				GCC_OPTIMIZATION_LEVEL = 0;
				GCC_PREPROCESSOR_DEFINITIONS = (
					"$(inherited)",
					"DEBUG=1",
				);
				GCC_WARN_64_TO_32_BIT_CONVERSION = YES;
				GCC_WARN_ABOUT_RETURN_TYPE = YES_ERROR;
				GCC_WARN_UNDECLARED_SELECTOR = YES;
				GCC_WARN_UNINITIALIZED_AUTOS = YES_AGGRESSIVE;
				GCC_WARN_UNUSED_FUNCTION = YES;
				GCC_WARN_UNUSED_VARIABLE = YES;
				IPHONEOS_DEPLOYMENT_TARGET = 17.0;
				MARKETING_VERSION = 1.0;
				MTL_ENABLE_DEBUG_INFO = INCLUDE_SOURCE;
				MTL_FAST_MATH = YES;
				ONLY_ACTIVE_ARCH = YES;
				PRODUCT_NAME = "$(TARGET_NAME)";
				SDKROOT = iphoneos;
				SWIFT_ACTIVE_COMPILATION_CONDITIONS = DEBUG;
				SWIFT_OPTIMIZATION_LEVEL = "-Onone";
				SWIFT_VERSION = 5.0;
			};
			name = Debug;
		};
		4EEDB377985A05D135CF8461 /* Release */ = {
			isa = XCBuildConfiguration;
			buildSettings = {
				ASSETCATALOG_COMPILER_APPICON_NAME = AppIcon;
				CODE_SIGN_IDENTITY = "iPhone Developer";
				INFOPLIST_FILE = SpankkiSandbox/Info.plist;
				LD_RUNPATH_SEARCH_PATHS = (
					"$(inherited)",
					"@executable_path/Frameworks",
				);
				PRODUCT_BUNDLE_IDENTIFIER = fi.triona.spankkisandbox;
				SDKROOT = iphoneos;
				TARGETED_DEVICE_FAMILY = 1;
			};
			name = Release;
		};
		EE19319459B0E12954EC49C4 /* Release */ = {
			isa = XCBuildConfiguration;
			buildSettings = {
				ALWAYS_SEARCH_USER_PATHS = NO;
				CLANG_ANALYZER_NONNULL = YES;
				CLANG_ANALYZER_NUMBER_OBJECT_CONVERSION = YES_AGGRESSIVE;
				CLANG_CXX_LANGUAGE_STANDARD = "gnu++14";
				CLANG_CXX_LIBRARY = "libc++";
				CLANG_ENABLE_MODULES = YES;
				CLANG_ENABLE_OBJC_ARC = YES;
				CLANG_ENABLE_OBJC_WEAK = YES;
				CLANG_WARN_BLOCK_CAPTURE_AUTORELEASING = YES;
				CLANG_WARN_BOOL_CONVERSION = YES;
				CLANG_WARN_COMMA = YES;
				CLANG_WARN_CONSTANT_CONVERSION = YES;
				CLANG_WARN_DEPRECATED_OBJC_IMPLEMENTATIONS = YES;
				CLANG_WARN_DIRECT_OBJC_ISA_USAGE = YES_ERROR;
				CLANG_WARN_DOCUMENTATION_COMMENTS = YES;
				CLANG_WARN_EMPTY_BODY = YES;
				CLANG_WARN_ENUM_CONVERSION = YES;
				CLANG_WARN_INFINITE_RECURSION = YES;
				CLANG_WARN_INT_CONVERSION = YES;
				CLANG_WARN_NON_LITERAL_NULL_CONVERSION = YES;
				CLANG_WARN_OBJC_IMPLICIT_RETAIN_SELF = YES;
				CLANG_WARN_OBJC_LITERAL_CONVERSION = YES;
				CLANG_WARN_OBJC_ROOT_CLASS = YES_ERROR;
				CLANG_WARN_QUOTED_INCLUDE_IN_FRAMEWORK_HEADER = YES;
				CLANG_WARN_RANGE_LOOP_ANALYSIS = YES;
				CLANG_WARN_STRICT_PROTOTYPES = YES;
				CLANG_WARN_SUSPICIOUS_MOVE = YES;
				CLANG_WARN_UNGUARDED_AVAILABILITY = YES_AGGRESSIVE;
				CLANG_WARN_UNREACHABLE_CODE = YES;
				CLANG_WARN__DUPLICATE_METHOD_MATCH = YES;
				CODE_SIGN_STYLE = Automatic;
				COPY_PHASE_STRIP = NO;
				CURRENT_PROJECT_VERSION = 1;
				DEBUG_INFORMATION_FORMAT = "dwarf-with-dsym";
				DEVELOPMENT_TEAM = DRM6RX29P7;
				ENABLE_NS_ASSERTIONS = NO;
				ENABLE_STRICT_OBJC_MSGSEND = YES;
				GCC_C_LANGUAGE_STANDARD = gnu11;
				GCC_NO_COMMON_BLOCKS = YES;
				GCC_WARN_64_TO_32_BIT_CONVERSION = YES;
				GCC_WARN_ABOUT_RETURN_TYPE = YES_ERROR;
				GCC_WARN_UNDECLARED_SELECTOR = YES;
				GCC_WARN_UNINITIALIZED_AUTOS = YES_AGGRESSIVE;
				GCC_WARN_UNUSED_FUNCTION = YES;
				GCC_WARN_UNUSED_VARIABLE = YES;
				IPHONEOS_DEPLOYMENT_TARGET = 17.0;
				MARKETING_VERSION = 1.0;
				MTL_ENABLE_DEBUG_INFO = NO;
				MTL_FAST_MATH = YES;
				PRODUCT_NAME = "$(TARGET_NAME)";
				SDKROOT = iphoneos;
				SWIFT_COMPILATION_MODE = wholemodule;
				SWIFT_OPTIMIZATION_LEVEL = "-O";
				SWIFT_VERSION = 5.0;
			};
			name = Release;
		};
/* End XCBuildConfiguration section */

/* Begin XCConfigurationList section */
		00313A61F7709CA69887DB10 /* Build configuration list for PBXNativeTarget "SpankkiSandbox" */ = {
			isa = XCConfigurationList;
			buildConfigurations = (
				2AAC003B438C023A403A9DE5 /* Debug */,
				4EEDB377985A05D135CF8461 /* Release */,
			);
			defaultConfigurationIsVisible = 0;
			defaultConfigurationName = Debug;
		};
		EDECA5325DB949AF18D91793 /* Build configuration list for PBXProject "SpankkiSandbox" */ = {
			isa = XCConfigurationList;
			buildConfigurations = (
				437CAB9A5EFE876C62CE0FFA /* Debug */,
				EE19319459B0E12954EC49C4 /* Release */,
			);
			defaultConfigurationIsVisible = 0;
			defaultConfigurationName = Debug;
		};
/* End XCConfigurationList section */
	};
	rootObject = 19E8277584B2225A1FA0CFA5 /* Project object */;
}
